
Microsoft Visual Studio Solution File, Format Version 12.00
# Visual Studio 14
VisualStudioVersion = 14.0.25420.1
MinimumVisualStudioVersion = 10.0.40219.1
Project("{2150E333-8FDC-42A3-9474-1A3956D46DE8}") = "Platforms", "Platforms", "{3031D417-658A-45B6-A77B-C74BCCD0D599}"
EndProject
Project("{FAE04EC0-301F-11D3-BF4B-00C04F79EFBC}") = "PushNotificationsClient", "PushNotificationsClient\PushNotificationsClient.csproj", "{DDAB32C7-E172-4D56-A33C-DDD604448277}"
EndProject
Project("{D954291E-2A0B-460D-934E-DC6B0785DB48}") = "PushNotificationsClientServerShared", "PushNotificationsClientServerShared\PushNotificationsClientServerShared.shproj", "{C56AED10-7E5B-4AB9-8767-4BD81DF4D3E8}"
EndProject
Project("{FAE04EC0-301F-11D3-BF4B-00C04F79EFBC}") = "PushNotificationApp", "Platforms\PushNotificationApp\PushNotificationApp.csproj", "{60F0395E-88B3-44B2-BF40-7404502ACFD5}"
EndProject
Project("{FAE04EC0-301F-11D3-BF4B-00C04F79EFBC}") = "PushNotificationApp.iOS", "Platforms\iOS\PushNotificationApp.iOS.csproj", "{526524F7-CB03-4618-8117-F7412350C23E}"
EndProject
Project("{FAE04EC0-301F-11D3-BF4B-00C04F79EFBC}") = "PushNotificationApp.Droid", "Platforms\Droid\PushNotificationApp.Droid.csproj", "{9DBE7EDB-6BF6-4547-8CC9-41593716B983}"
EndProject
Project("{FAE04EC0-301F-11D3-BF4B-00C04F79EFBC}") = "PushNotificationApp.UWP", "PushNotificationApp.UWP\PushNotificationApp.UWP.csproj", "{42C1E4A3-CA67-4508-A530-C4ACFFB12BC2}"
EndProject
Project("{FAE04EC0-301F-11D3-BF4B-00C04F79EFBC}") = "PushNotificationsBackend", "PushNotificationsBackend\PushNotificationsBackend.csproj", "{AB91DBA3-93AA-4A93-979A-FC0D8DD57F4B}"
EndProject
Global
	GlobalSection(SharedMSBuildProjectFiles) = preSolution
		PushNotificationsClientServerShared\PushNotificationsClientServerShared.projitems*{ab91dba3-93aa-4a93-979a-fc0d8dd57f4b}*SharedItemsImports = 4
		PushNotificationsClientServerShared\PushNotificationsClientServerShared.projitems*{c56aed10-7e5b-4ab9-8767-4bd81df4d3e8}*SharedItemsImports = 13
		PushNotificationsClientServerShared\PushNotificationsClientServerShared.projitems*{ddab32c7-e172-4d56-a33c-ddd604448277}*SharedItemsImports = 4
	EndGlobalSection
	GlobalSection(SolutionConfigurationPlatforms) = preSolution
		Debug|Any CPU = Debug|Any CPU
		Debug|ARM = Debug|ARM
		Debug|iPhone = Debug|iPhone
		Debug|iPhoneSimulator = Debug|iPhoneSimulator
		Debug|UWP = Debug|UWP
		Debug|x64 = Debug|x64
		Debug|x86 = Debug|x86
		Release|Any CPU = Release|Any CPU
		Release|ARM = Release|ARM
		Release|iPhone = Release|iPhone
		Release|iPhoneSimulator = Release|iPhoneSimulator
		Release|UWP = Release|UWP
		Release|x64 = Release|x64
		Release|x86 = Release|x86
	EndGlobalSection
	GlobalSection(ProjectConfigurationPlatforms) = postSolution
		{DDAB32C7-E172-4D56-A33C-DDD604448277}.Debug|Any CPU.ActiveCfg = Debug|Any CPU
		{DDAB32C7-E172-4D56-A33C-DDD604448277}.Debug|Any CPU.Build.0 = Debug|Any CPU
		{DDAB32C7-E172-4D56-A33C-DDD604448277}.Debug|ARM.ActiveCfg = Debug|Any CPU
		{DDAB32C7-E172-4D56-A33C-DDD604448277}.Debug|ARM.Build.0 = Debug|Any CPU
		{DDAB32C7-E172-4D56-A33C-DDD604448277}.Debug|iPhone.ActiveCfg = Debug|Any CPU
		{DDAB32C7-E172-4D56-A33C-DDD604448277}.Debug|iPhone.Build.0 = Debug|Any CPU
		{DDAB32C7-E172-4D56-A33C-DDD604448277}.Debug|iPhoneSimulator.ActiveCfg = Debug|Any CPU
		{DDAB32C7-E172-4D56-A33C-DDD604448277}.Debug|iPhoneSimulator.Build.0 = Debug|Any CPU
		{DDAB32C7-E172-4D56-A33C-DDD604448277}.Debug|UWP.ActiveCfg = Debug|Any CPU
		{DDAB32C7-E172-4D56-A33C-DDD604448277}.Debug|UWP.Build.0 = Debug|Any CPU
		{DDAB32C7-E172-4D56-A33C-DDD604448277}.Debug|x64.ActiveCfg = Debug|Any CPU
		{DDAB32C7-E172-4D56-A33C-DDD604448277}.Debug|x64.Build.0 = Debug|Any CPU
		{DDAB32C7-E172-4D56-A33C-DDD604448277}.Debug|x86.ActiveCfg = Debug|Any CPU
		{DDAB32C7-E172-4D56-A33C-DDD604448277}.Debug|x86.Build.0 = Debug|Any CPU
		{DDAB32C7-E172-4D56-A33C-DDD604448277}.Release|Any CPU.ActiveCfg = Release|Any CPU
		{DDAB32C7-E172-4D56-A33C-DDD604448277}.Release|Any CPU.Build.0 = Release|Any CPU
		{DDAB32C7-E172-4D56-A33C-DDD604448277}.Release|ARM.ActiveCfg = Release|Any CPU
		{DDAB32C7-E172-4D56-A33C-DDD604448277}.Release|ARM.Build.0 = Release|Any CPU
		{DDAB32C7-E172-4D56-A33C-DDD604448277}.Release|iPhone.ActiveCfg = Release|Any CPU
		{DDAB32C7-E172-4D56-A33C-DDD604448277}.Release|iPhone.Build.0 = Release|Any CPU
		{DDAB32C7-E172-4D56-A33C-DDD604448277}.Release|iPhoneSimulator.ActiveCfg = Release|Any CPU
		{DDAB32C7-E172-4D56-A33C-DDD604448277}.Release|iPhoneSimulator.Build.0 = Release|Any CPU
		{DDAB32C7-E172-4D56-A33C-DDD604448277}.Release|UWP.ActiveCfg = Release|Any CPU
		{DDAB32C7-E172-4D56-A33C-DDD604448277}.Release|UWP.Build.0 = Release|Any CPU
		{DDAB32C7-E172-4D56-A33C-DDD604448277}.Release|x64.ActiveCfg = Release|Any CPU
		{DDAB32C7-E172-4D56-A33C-DDD604448277}.Release|x64.Build.0 = Release|Any CPU
		{DDAB32C7-E172-4D56-A33C-DDD604448277}.Release|x86.ActiveCfg = Release|Any CPU
		{DDAB32C7-E172-4D56-A33C-DDD604448277}.Release|x86.Build.0 = Release|Any CPU
		{60F0395E-88B3-44B2-BF40-7404502ACFD5}.Debug|Any CPU.ActiveCfg = Debug|Any CPU
		{60F0395E-88B3-44B2-BF40-7404502ACFD5}.Debug|Any CPU.Build.0 = Debug|Any CPU
		{60F0395E-88B3-44B2-BF40-7404502ACFD5}.Debug|ARM.ActiveCfg = Debug|Any CPU
		{60F0395E-88B3-44B2-BF40-7404502ACFD5}.Debug|ARM.Build.0 = Debug|Any CPU
		{60F0395E-88B3-44B2-BF40-7404502ACFD5}.Debug|iPhone.ActiveCfg = Debug|Any CPU
		{60F0395E-88B3-44B2-BF40-7404502ACFD5}.Debug|iPhone.Build.0 = Debug|Any CPU
		{60F0395E-88B3-44B2-BF40-7404502ACFD5}.Debug|iPhoneSimulator.ActiveCfg = Debug|Any CPU
		{60F0395E-88B3-44B2-BF40-7404502ACFD5}.Debug|iPhoneSimulator.Build.0 = Debug|Any CPU
		{60F0395E-88B3-44B2-BF40-7404502ACFD5}.Debug|UWP.ActiveCfg = Debug|Any CPU
		{60F0395E-88B3-44B2-BF40-7404502ACFD5}.Debug|UWP.Build.0 = Debug|Any CPU
		{60F0395E-88B3-44B2-BF40-7404502ACFD5}.Debug|x64.ActiveCfg = Debug|Any CPU
		{60F0395E-88B3-44B2-BF40-7404502ACFD5}.Debug|x64.Build.0 = Debug|Any CPU
		{60F0395E-88B3-44B2-BF40-7404502ACFD5}.Debug|x86.ActiveCfg = Debug|Any CPU
		{60F0395E-88B3-44B2-BF40-7404502ACFD5}.Debug|x86.Build.0 = Debug|Any CPU
		{60F0395E-88B3-44B2-BF40-7404502ACFD5}.Release|Any CPU.ActiveCfg = Release|Any CPU
		{60F0395E-88B3-44B2-BF40-7404502ACFD5}.Release|Any CPU.Build.0 = Release|Any CPU
		{60F0395E-88B3-44B2-BF40-7404502ACFD5}.Release|ARM.ActiveCfg = Release|Any CPU
		{60F0395E-88B3-44B2-BF40-7404502ACFD5}.Release|ARM.Build.0 = Release|Any CPU
		{60F0395E-88B3-44B2-BF40-7404502ACFD5}.Release|iPhone.ActiveCfg = Release|Any CPU
		{60F0395E-88B3-44B2-BF40-7404502ACFD5}.Release|iPhone.Build.0 = Release|Any CPU
		{60F0395E-88B3-44B2-BF40-7404502ACFD5}.Release|iPhoneSimulator.ActiveCfg = Release|Any CPU
		{60F0395E-88B3-44B2-BF40-7404502ACFD5}.Release|iPhoneSimulator.Build.0 = Release|Any CPU
		{60F0395E-88B3-44B2-BF40-7404502ACFD5}.Release|UWP.ActiveCfg = Release|Any CPU
		{60F0395E-88B3-44B2-BF40-7404502ACFD5}.Release|UWP.Build.0 = Release|Any CPU
		{60F0395E-88B3-44B2-BF40-7404502ACFD5}.Release|x64.ActiveCfg = Release|Any CPU
		{60F0395E-88B3-44B2-BF40-7404502ACFD5}.Release|x64.Build.0 = Release|Any CPU
		{60F0395E-88B3-44B2-BF40-7404502ACFD5}.Release|x86.ActiveCfg = Release|Any CPU
		{60F0395E-88B3-44B2-BF40-7404502ACFD5}.Release|x86.Build.0 = Release|Any CPU
		{526524F7-CB03-4618-8117-F7412350C23E}.Debug|Any CPU.ActiveCfg = Debug|iPhoneSimulator
		{526524F7-CB03-4618-8117-F7412350C23E}.Debug|Any CPU.Build.0 = Debug|iPhoneSimulator
		{526524F7-CB03-4618-8117-F7412350C23E}.Debug|ARM.ActiveCfg = Debug|iPhone
		{526524F7-CB03-4618-8117-F7412350C23E}.Debug|iPhone.ActiveCfg = Debug|iPhone
		{526524F7-CB03-4618-8117-F7412350C23E}.Debug|iPhone.Build.0 = Debug|iPhone
		{526524F7-CB03-4618-8117-F7412350C23E}.Debug|iPhoneSimulator.ActiveCfg = Debug|iPhoneSimulator
		{526524F7-CB03-4618-8117-F7412350C23E}.Debug|iPhoneSimulator.Build.0 = Debug|iPhoneSimulator
		{526524F7-CB03-4618-8117-F7412350C23E}.Debug|UWP.ActiveCfg = Debug|iPhone
		{526524F7-CB03-4618-8117-F7412350C23E}.Debug|x64.ActiveCfg = Debug|iPhone
		{526524F7-CB03-4618-8117-F7412350C23E}.Debug|x86.ActiveCfg = Debug|iPhone
		{526524F7-CB03-4618-8117-F7412350C23E}.Release|Any CPU.ActiveCfg = Release|iPhone
		{526524F7-CB03-4618-8117-F7412350C23E}.Release|Any CPU.Build.0 = Release|iPhone
		{526524F7-CB03-4618-8117-F7412350C23E}.Release|ARM.ActiveCfg = Release|iPhoneSimulator
		{526524F7-CB03-4618-8117-F7412350C23E}.Release|iPhone.ActiveCfg = Release|iPhone
		{526524F7-CB03-4618-8117-F7412350C23E}.Release|iPhone.Build.0 = Release|iPhone
		{526524F7-CB03-4618-8117-F7412350C23E}.Release|iPhoneSimulator.ActiveCfg = Release|iPhoneSimulator
		{526524F7-CB03-4618-8117-F7412350C23E}.Release|iPhoneSimulator.Build.0 = Release|iPhoneSimulator
		{526524F7-CB03-4618-8117-F7412350C23E}.Release|UWP.ActiveCfg = Release|iPhoneSimulator
		{526524F7-CB03-4618-8117-F7412350C23E}.Release|x64.ActiveCfg = Release|iPhoneSimulator
		{526524F7-CB03-4618-8117-F7412350C23E}.Release|x86.ActiveCfg = Release|iPhoneSimulator
		{9DBE7EDB-6BF6-4547-8CC9-41593716B983}.Debug|Any CPU.ActiveCfg = Debug|Any CPU
		{9DBE7EDB-6BF6-4547-8CC9-41593716B983}.Debug|Any CPU.Build.0 = Debug|Any CPU
		{9DBE7EDB-6BF6-4547-8CC9-41593716B983}.Debug|ARM.ActiveCfg = Debug|Any CPU
		{9DBE7EDB-6BF6-4547-8CC9-41593716B983}.Debug|ARM.Build.0 = Debug|Any CPU
		{9DBE7EDB-6BF6-4547-8CC9-41593716B983}.Debug|ARM.Deploy.0 = Debug|Any CPU
		{9DBE7EDB-6BF6-4547-8CC9-41593716B983}.Debug|iPhone.ActiveCfg = Debug|Any CPU
		{9DBE7EDB-6BF6-4547-8CC9-41593716B983}.Debug|iPhone.Build.0 = Debug|Any CPU
		{9DBE7EDB-6BF6-4547-8CC9-41593716B983}.Debug|iPhoneSimulator.ActiveCfg = Debug|Any CPU
		{9DBE7EDB-6BF6-4547-8CC9-41593716B983}.Debug|iPhoneSimulator.Build.0 = Debug|Any CPU
		{9DBE7EDB-6BF6-4547-8CC9-41593716B983}.Debug|UWP.ActiveCfg = Debug|Any CPU
		{9DBE7EDB-6BF6-4547-8CC9-41593716B983}.Debug|x64.ActiveCfg = Debug|Any CPU
		{9DBE7EDB-6BF6-4547-8CC9-41593716B983}.Debug|x86.ActiveCfg = Debug|Any CPU
		{9DBE7EDB-6BF6-4547-8CC9-41593716B983}.Release|Any CPU.ActiveCfg = Release|Any CPU
		{9DBE7EDB-6BF6-4547-8CC9-41593716B983}.Release|Any CPU.Build.0 = Release|Any CPU
		{9DBE7EDB-6BF6-4547-8CC9-41593716B983}.Release|ARM.ActiveCfg = Release|Any CPU
		{9DBE7EDB-6BF6-4547-8CC9-41593716B983}.Release|ARM.Build.0 = Release|Any CPU
		{9DBE7EDB-6BF6-4547-8CC9-41593716B983}.Release|ARM.Deploy.0 = Release|Any CPU
		{9DBE7EDB-6BF6-4547-8CC9-41593716B983}.Release|iPhone.ActiveCfg = Release|Any CPU
		{9DBE7EDB-6BF6-4547-8CC9-41593716B983}.Release|iPhone.Build.0 = Release|Any CPU
		{9DBE7EDB-6BF6-4547-8CC9-41593716B983}.Release|iPhoneSimulator.ActiveCfg = Release|Any CPU
		{9DBE7EDB-6BF6-4547-8CC9-41593716B983}.Release|iPhoneSimulator.Build.0 = Release|Any CPU
		{9DBE7EDB-6BF6-4547-8CC9-41593716B983}.Release|UWP.ActiveCfg = Release|Any CPU
		{9DBE7EDB-6BF6-4547-8CC9-41593716B983}.Release|UWP.Build.0 = Release|Any CPU
		{9DBE7EDB-6BF6-4547-8CC9-41593716B983}.Release|UWP.Deploy.0 = Release|Any CPU
		{9DBE7EDB-6BF6-4547-8CC9-41593716B983}.Release|x64.ActiveCfg = Release|Any CPU
		{9DBE7EDB-6BF6-4547-8CC9-41593716B983}.Release|x64.Build.0 = Release|Any CPU
		{9DBE7EDB-6BF6-4547-8CC9-41593716B983}.Release|x64.Deploy.0 = Release|Any CPU
		{9DBE7EDB-6BF6-4547-8CC9-41593716B983}.Release|x86.ActiveCfg = Release|Any CPU
		{9DBE7EDB-6BF6-4547-8CC9-41593716B983}.Release|x86.Build.0 = Release|Any CPU
		{9DBE7EDB-6BF6-4547-8CC9-41593716B983}.Release|x86.Deploy.0 = Release|Any CPU
		{42C1E4A3-CA67-4508-A530-C4ACFFB12BC2}.Debug|Any CPU.ActiveCfg = Debug|x86
		{42C1E4A3-CA67-4508-A530-C4ACFFB12BC2}.Debug|ARM.ActiveCfg = Debug|ARM
		{42C1E4A3-CA67-4508-A530-C4ACFFB12BC2}.Debug|ARM.Build.0 = Debug|ARM
		{42C1E4A3-CA67-4508-A530-C4ACFFB12BC2}.Debug|ARM.Deploy.0 = Debug|ARM
		{42C1E4A3-CA67-4508-A530-C4ACFFB12BC2}.Debug|iPhone.ActiveCfg = Debug|x86
		{42C1E4A3-CA67-4508-A530-C4ACFFB12BC2}.Debug|iPhoneSimulator.ActiveCfg = Debug|x86
		{42C1E4A3-CA67-4508-A530-C4ACFFB12BC2}.Debug|UWP.ActiveCfg = Debug|x64
		{42C1E4A3-CA67-4508-A530-C4ACFFB12BC2}.Debug|UWP.Build.0 = Debug|x64
		{42C1E4A3-CA67-4508-A530-C4ACFFB12BC2}.Debug|UWP.Deploy.0 = Debug|x64
		{42C1E4A3-CA67-4508-A530-C4ACFFB12BC2}.Debug|x64.ActiveCfg = Debug|x64
		{42C1E4A3-CA67-4508-A530-C4ACFFB12BC2}.Debug|x64.Build.0 = Debug|x64
		{42C1E4A3-CA67-4508-A530-C4ACFFB12BC2}.Debug|x64.Deploy.0 = Debug|x64
		{42C1E4A3-CA67-4508-A530-C4ACFFB12BC2}.Debug|x86.ActiveCfg = Debug|x86
		{42C1E4A3-CA67-4508-A530-C4ACFFB12BC2}.Debug|x86.Build.0 = Debug|x86
		{42C1E4A3-CA67-4508-A530-C4ACFFB12BC2}.Debug|x86.Deploy.0 = Debug|x86
		{42C1E4A3-CA67-4508-A530-C4ACFFB12BC2}.Release|Any CPU.ActiveCfg = Release|x86
		{42C1E4A3-CA67-4508-A530-C4ACFFB12BC2}.Release|ARM.ActiveCfg = Release|ARM
		{42C1E4A3-CA67-4508-A530-C4ACFFB12BC2}.Release|ARM.Build.0 = Release|ARM
		{42C1E4A3-CA67-4508-A530-C4ACFFB12BC2}.Release|ARM.Deploy.0 = Release|ARM
		{42C1E4A3-CA67-4508-A530-C4ACFFB12BC2}.Release|iPhone.ActiveCfg = Release|x86
		{42C1E4A3-CA67-4508-A530-C4ACFFB12BC2}.Release|iPhoneSimulator.ActiveCfg = Release|x86
		{42C1E4A3-CA67-4508-A530-C4ACFFB12BC2}.Release|UWP.ActiveCfg = Release|x64
		{42C1E4A3-CA67-4508-A530-C4ACFFB12BC2}.Release|UWP.Build.0 = Release|x64
		{42C1E4A3-CA67-4508-A530-C4ACFFB12BC2}.Release|UWP.Deploy.0 = Release|x64
		{42C1E4A3-CA67-4508-A530-C4ACFFB12BC2}.Release|x64.ActiveCfg = Release|x64
		{42C1E4A3-CA67-4508-A530-C4ACFFB12BC2}.Release|x64.Build.0 = Release|x64
		{42C1E4A3-CA67-4508-A530-C4ACFFB12BC2}.Release|x64.Deploy.0 = Release|x64
		{42C1E4A3-CA67-4508-A530-C4ACFFB12BC2}.Release|x86.ActiveCfg = Release|x86
		{42C1E4A3-CA67-4508-A530-C4ACFFB12BC2}.Release|x86.Build.0 = Release|x86
		{42C1E4A3-CA67-4508-A530-C4ACFFB12BC2}.Release|x86.Deploy.0 = Release|x86
		{AB91DBA3-93AA-4A93-979A-FC0D8DD57F4B}.Debug|Any CPU.ActiveCfg = Debug|Any CPU
		{AB91DBA3-93AA-4A93-979A-FC0D8DD57F4B}.Debug|Any CPU.Build.0 = Debug|Any CPU
		{AB91DBA3-93AA-4A93-979A-FC0D8DD57F4B}.Debug|ARM.ActiveCfg = Debug|Any CPU
		{AB91DBA3-93AA-4A93-979A-FC0D8DD57F4B}.Debug|ARM.Build.0 = Debug|Any CPU
		{AB91DBA3-93AA-4A93-979A-FC0D8DD57F4B}.Debug|iPhone.ActiveCfg = Debug|Any CPU
		{AB91DBA3-93AA-4A93-979A-FC0D8DD57F4B}.Debug|iPhone.Build.0 = Debug|Any CPU
		{AB91DBA3-93AA-4A93-979A-FC0D8DD57F4B}.Debug|iPhoneSimulator.ActiveCfg = Debug|Any CPU
		{AB91DBA3-93AA-4A93-979A-FC0D8DD57F4B}.Debug|iPhoneSimulator.Build.0 = Debug|Any CPU
		{AB91DBA3-93AA-4A93-979A-FC0D8DD57F4B}.Debug|UWP.ActiveCfg = Debug|Any CPU
		{AB91DBA3-93AA-4A93-979A-FC0D8DD57F4B}.Debug|UWP.Build.0 = Debug|Any CPU
		{AB91DBA3-93AA-4A93-979A-FC0D8DD57F4B}.Debug|x64.ActiveCfg = Debug|Any CPU
		{AB91DBA3-93AA-4A93-979A-FC0D8DD57F4B}.Debug|x64.Build.0 = Debug|Any CPU
		{AB91DBA3-93AA-4A93-979A-FC0D8DD57F4B}.Debug|x86.ActiveCfg = Debug|Any CPU
		{AB91DBA3-93AA-4A93-979A-FC0D8DD57F4B}.Debug|x86.Build.0 = Debug|Any CPU
		{AB91DBA3-93AA-4A93-979A-FC0D8DD57F4B}.Release|Any CPU.ActiveCfg = Release|Any CPU
		{AB91DBA3-93AA-4A93-979A-FC0D8DD57F4B}.Release|Any CPU.Build.0 = Release|Any CPU
		{AB91DBA3-93AA-4A93-979A-FC0D8DD57F4B}.Release|ARM.ActiveCfg = Release|Any CPU
		{AB91DBA3-93AA-4A93-979A-FC0D8DD57F4B}.Release|ARM.Build.0 = Release|Any CPU
		{AB91DBA3-93AA-4A93-979A-FC0D8DD57F4B}.Release|iPhone.ActiveCfg = Release|Any CPU
		{AB91DBA3-93AA-4A93-979A-FC0D8DD57F4B}.Release|iPhone.Build.0 = Release|Any CPU
		{AB91DBA3-93AA-4A93-979A-FC0D8DD57F4B}.Release|iPhoneSimulator.ActiveCfg = Release|Any CPU
		{AB91DBA3-93AA-4A93-979A-FC0D8DD57F4B}.Release|iPhoneSimulator.Build.0 = Release|Any CPU
		{AB91DBA3-93AA-4A93-979A-FC0D8DD57F4B}.Release|UWP.ActiveCfg = Release|Any CPU
		{AB91DBA3-93AA-4A93-979A-FC0D8DD57F4B}.Release|UWP.Build.0 = Release|Any CPU
		{AB91DBA3-93AA-4A93-979A-FC0D8DD57F4B}.Release|x64.ActiveCfg = Release|Any CPU
		{AB91DBA3-93AA-4A93-979A-FC0D8DD57F4B}.Release|x64.Build.0 = Release|Any CPU
		{AB91DBA3-93AA-4A93-979A-FC0D8DD57F4B}.Release|x86.ActiveCfg = Release|Any CPU
		{AB91DBA3-93AA-4A93-979A-FC0D8DD57F4B}.Release|x86.Build.0 = Release|Any CPU
	EndGlobalSection
	GlobalSection(SolutionProperties) = preSolution
		HideSolutionNode = FALSE
	EndGlobalSection
	GlobalSection(NestedProjects) = preSolution
		{60F0395E-88B3-44B2-BF40-7404502ACFD5} = {3031D417-658A-45B6-A77B-C74BCCD0D599}
		{526524F7-CB03-4618-8117-F7412350C23E} = {3031D417-658A-45B6-A77B-C74BCCD0D599}
		{9DBE7EDB-6BF6-4547-8CC9-41593716B983} = {3031D417-658A-45B6-A77B-C74BCCD0D599}
		{42C1E4A3-CA67-4508-A530-C4ACFFB12BC2} = {3031D417-658A-45B6-A77B-C74BCCD0D599}
	EndGlobalSection
EndGlobal
