
Microsoft Visual Studio Solution File, Format Version 12.00
# Visual Studio 14
VisualStudioVersion = 14.0.25123.0
MinimumVisualStudioVersion = 10.0.40219.1
Project("{2150E333-8FDC-42A3-9474-1A3956D46DE8}") = "Platforms", "Platforms", "{3031D417-658A-45B6-A77B-C74BCCD0D599}"
EndProject
Project("{FAE04EC0-301F-11D3-BF4B-00C04F79EFBC}") = "PushNotifications.iOS", "PushNotifications.iOS\PushNotifications.iOS.csproj", "{FC368578-6E4F-4DD4-B1FC-D4DE747B15C0}"
EndProject
Project("{FAE04EC0-301F-11D3-BF4B-00C04F79EFBC}") = "PushNotificationsClient", "PushNotificationsClient\PushNotificationsClient.csproj", "{DDAB32C7-E172-4D56-A33C-DDD604448277}"
EndProject
Project("{D954291E-2A0B-460D-934E-DC6B0785DB48}") = "PushNotificationsClientServerShared", "PushNotificationsClientServerShared\PushNotificationsClientServerShared.shproj", "{C56AED10-7E5B-4AB9-8767-4BD81DF4D3E8}"
EndProject
Project("{FAE04EC0-301F-11D3-BF4B-00C04F79EFBC}") = "PushNotificationsServer", "PushNotificationsServer\PushNotificationsServer.csproj", "{FAA2F89F-3108-477C-B2FB-4D34A956FD41}"
EndProject
Global
	GlobalSection(SharedMSBuildProjectFiles) = preSolution
		PushNotificationsClientServerShared\PushNotificationsClientServerShared.projitems*{ddab32c7-e172-4d56-a33c-ddd604448277}*SharedItemsImports = 4
		PushNotificationsClientServerShared\PushNotificationsClientServerShared.projitems*{c56aed10-7e5b-4ab9-8767-4bd81df4d3e8}*SharedItemsImports = 13
	EndGlobalSection
	GlobalSection(SolutionConfigurationPlatforms) = preSolution
		Debug|Any CPU = Debug|Any CPU
		Debug|iPhone = Debug|iPhone
		Debug|iPhoneSimulator = Debug|iPhoneSimulator
		Release|Any CPU = Release|Any CPU
		Release|iPhone = Release|iPhone
		Release|iPhoneSimulator = Release|iPhoneSimulator
	EndGlobalSection
	GlobalSection(ProjectConfigurationPlatforms) = postSolution
		{FC368578-6E4F-4DD4-B1FC-D4DE747B15C0}.Debug|Any CPU.ActiveCfg = Debug|iPhoneSimulator
		{FC368578-6E4F-4DD4-B1FC-D4DE747B15C0}.Debug|Any CPU.Build.0 = Debug|iPhoneSimulator
		{FC368578-6E4F-4DD4-B1FC-D4DE747B15C0}.Debug|iPhone.ActiveCfg = Debug|iPhone
		{FC368578-6E4F-4DD4-B1FC-D4DE747B15C0}.Debug|iPhone.Build.0 = Debug|iPhone
		{FC368578-6E4F-4DD4-B1FC-D4DE747B15C0}.Debug|iPhoneSimulator.ActiveCfg = Debug|iPhoneSimulator
		{FC368578-6E4F-4DD4-B1FC-D4DE747B15C0}.Debug|iPhoneSimulator.Build.0 = Debug|iPhoneSimulator
		{FC368578-6E4F-4DD4-B1FC-D4DE747B15C0}.Release|Any CPU.ActiveCfg = Release|iPhone
		{FC368578-6E4F-4DD4-B1FC-D4DE747B15C0}.Release|Any CPU.Build.0 = Release|iPhone
		{FC368578-6E4F-4DD4-B1FC-D4DE747B15C0}.Release|iPhone.ActiveCfg = Release|iPhone
		{FC368578-6E4F-4DD4-B1FC-D4DE747B15C0}.Release|iPhone.Build.0 = Release|iPhone
		{FC368578-6E4F-4DD4-B1FC-D4DE747B15C0}.Release|iPhoneSimulator.ActiveCfg = Release|iPhoneSimulator
		{FC368578-6E4F-4DD4-B1FC-D4DE747B15C0}.Release|iPhoneSimulator.Build.0 = Release|iPhoneSimulator
		{DDAB32C7-E172-4D56-A33C-DDD604448277}.Debug|Any CPU.ActiveCfg = Debug|Any CPU
		{DDAB32C7-E172-4D56-A33C-DDD604448277}.Debug|Any CPU.Build.0 = Debug|Any CPU
		{DDAB32C7-E172-4D56-A33C-DDD604448277}.Debug|iPhone.ActiveCfg = Debug|Any CPU
		{DDAB32C7-E172-4D56-A33C-DDD604448277}.Debug|iPhone.Build.0 = Debug|Any CPU
		{DDAB32C7-E172-4D56-A33C-DDD604448277}.Debug|iPhoneSimulator.ActiveCfg = Debug|Any CPU
		{DDAB32C7-E172-4D56-A33C-DDD604448277}.Debug|iPhoneSimulator.Build.0 = Debug|Any CPU
		{DDAB32C7-E172-4D56-A33C-DDD604448277}.Release|Any CPU.ActiveCfg = Release|Any CPU
		{DDAB32C7-E172-4D56-A33C-DDD604448277}.Release|Any CPU.Build.0 = Release|Any CPU
		{DDAB32C7-E172-4D56-A33C-DDD604448277}.Release|iPhone.ActiveCfg = Release|Any CPU
		{DDAB32C7-E172-4D56-A33C-DDD604448277}.Release|iPhone.Build.0 = Release|Any CPU
		{DDAB32C7-E172-4D56-A33C-DDD604448277}.Release|iPhoneSimulator.ActiveCfg = Release|Any CPU
		{DDAB32C7-E172-4D56-A33C-DDD604448277}.Release|iPhoneSimulator.Build.0 = Release|Any CPU
		{FAA2F89F-3108-477C-B2FB-4D34A956FD41}.Debug|Any CPU.ActiveCfg = Debug|Any CPU
		{FAA2F89F-3108-477C-B2FB-4D34A956FD41}.Debug|Any CPU.Build.0 = Debug|Any CPU
		{FAA2F89F-3108-477C-B2FB-4D34A956FD41}.Debug|iPhone.ActiveCfg = Debug|Any CPU
		{FAA2F89F-3108-477C-B2FB-4D34A956FD41}.Debug|iPhone.Build.0 = Debug|Any CPU
		{FAA2F89F-3108-477C-B2FB-4D34A956FD41}.Debug|iPhoneSimulator.ActiveCfg = Debug|Any CPU
		{FAA2F89F-3108-477C-B2FB-4D34A956FD41}.Debug|iPhoneSimulator.Build.0 = Debug|Any CPU
		{FAA2F89F-3108-477C-B2FB-4D34A956FD41}.Release|Any CPU.ActiveCfg = Release|Any CPU
		{FAA2F89F-3108-477C-B2FB-4D34A956FD41}.Release|Any CPU.Build.0 = Release|Any CPU
		{FAA2F89F-3108-477C-B2FB-4D34A956FD41}.Release|iPhone.ActiveCfg = Release|Any CPU
		{FAA2F89F-3108-477C-B2FB-4D34A956FD41}.Release|iPhone.Build.0 = Release|Any CPU
		{FAA2F89F-3108-477C-B2FB-4D34A956FD41}.Release|iPhoneSimulator.ActiveCfg = Release|Any CPU
		{FAA2F89F-3108-477C-B2FB-4D34A956FD41}.Release|iPhoneSimulator.Build.0 = Release|Any CPU
	EndGlobalSection
	GlobalSection(SolutionProperties) = preSolution
		HideSolutionNode = FALSE
	EndGlobalSection
	GlobalSection(NestedProjects) = preSolution
		{FC368578-6E4F-4DD4-B1FC-D4DE747B15C0} = {3031D417-658A-45B6-A77B-C74BCCD0D599}
	EndGlobalSection
EndGlobal
